
Microsoft Visual Studio Solution File, Format Version 12.00
# Visual Studio Version 16
VisualStudioVersion = 16.0.30011.22
MinimumVisualStudioVersion = 10.0.40219.1
Project("{FAE04EC0-301F-11D3-BF4B-00C04F79EFBC}") = "ComicsAppWasm", "src\ComicsAppWasm.csproj", "{D445EB26-6048-416F-AAC9-82EC9A26E5D5}"
EndProject
Global
	GlobalSection(SolutionConfigurationPlatforms) = preSolution
		Debug|Any CPU = Debug|Any CPU
		Release|Any CPU = Release|Any CPU
	EndGlobalSection
	GlobalSection(ProjectConfigurationPlatforms) = postSolution
		{D445EB26-6048-416F-AAC9-82EC9A26E5D5}.Debug|Any CPU.ActiveCfg = Debug|Any CPU
		{D445EB26-6048-416F-AAC9-82EC9A26E5D5}.Debug|Any CPU.Build.0 = Debug|Any CPU
		{D445EB26-6048-416F-AAC9-82EC9A26E5D5}.Release|Any CPU.ActiveCfg = Release|Any CPU
		{D445EB26-6048-416F-AAC9-82EC9A26E5D5}.Release|Any CPU.Build.0 = Release|Any CPU
	EndGlobalSection
	GlobalSection(SolutionProperties) = preSolution
		HideSolutionNode = FALSE
	EndGlobalSection
	GlobalSection(ExtensibilityGlobals) = postSolution
		SolutionGuid = {015A5830-5E76-402E-90E6-FFD7EBEADCF5}
	EndGlobalSection
EndGlobal
